
Microsoft Visual Studio Solution File, Format Version 12.00
# Visual Studio 15
VisualStudioVersion = 15.0.28010.2050
MinimumVisualStudioVersion = 10.0.40219.1
Project("{FAE04EC0-301F-11D3-BF4B-00C04F79EFBC}") = "OrganizeApp", "OrganizeApp\OrganizeApp.csproj", "{1D0F592F-F89F-445D-A0A1-5EE02E986393}"
EndProject
Global
	GlobalSection(SolutionConfigurationPlatforms) = preSolution
		Debug|Any CPU = Debug|Any CPU
		Release|Any CPU = Release|Any CPU
	EndGlobalSection
	GlobalSection(ProjectConfigurationPlatforms) = postSolution
		{1D0F592F-F89F-445D-A0A1-5EE02E986393}.Debug|Any CPU.ActiveCfg = Debug|Any CPU
		{1D0F592F-F89F-445D-A0A1-5EE02E986393}.Debug|Any CPU.Build.0 = Debug|Any CPU
		{1D0F592F-F89F-445D-A0A1-5EE02E986393}.Release|Any CPU.ActiveCfg = Release|Any CPU
		{1D0F592F-F89F-445D-A0A1-5EE02E986393}.Release|Any CPU.Build.0 = Release|Any CPU
	EndGlobalSection
	GlobalSection(SolutionProperties) = preSolution
		HideSolutionNode = FALSE
	EndGlobalSection
	GlobalSection(ExtensibilityGlobals) = postSolution
		SolutionGuid = {001825BB-2187-4698-B750-57C8CCC9EE48}
	EndGlobalSection
EndGlobal
